{
  "name": "subscribe",
  "version": "1.0.0",
  "lockfileVersion": 2,
  "requires": true,
  "packages": {
    "": {
      "version": "1.0.0",
      "license": "ISC",
      "dependencies": {
        "response": "file:../common/response"
      }
    },
    "../common/response": {
      "version": "1.0.0",
      "license": "ISC"
    },
    "node_modules/response": {
      "resolved": "../common/response",
      "link": true
    }
  },
  "dependencies": {
    "response": {
      "version": "file:../common/response"
    }
  }
}
