{
  "name": "send",
  "version": "1.0.0",
  "lockfileVersion": 2,
  "requires": true,
  "packages": {
    "": {
      "version": "1.0.0",
      "license": "ISC",
      "dependencies": {
        "utils": "file:../common/utils"
      }
    },
    "../common/utils": {
      "version": "1.0.0",
      "license": "ISC"
    },
    "node_modules/utils": {
      "resolved": "../common/utils",
      "link": true
    }
  },
  "dependencies": {
    "utils": {
      "version": "file:../common/utils"
    }
  }
}
